
Microsoft Visual Studio Solution File, Format Version 12.00
# Visual Studio 2013
VisualStudioVersion = 12.0.21005.1
MinimumVisualStudioVersion = 10.0.40219.1
Project("{FAE04EC0-301F-11D3-BF4B-00C04F79EFBC}") = "RestOfUs.Web", "RestOfUs.Web\RestOfUs.Web.csproj", "{A253BFB1-6CC3-4141-8602-3EAC1A2E631D}"
EndProject
Project("{FAE04EC0-301F-11D3-BF4B-00C04F79EFBC}") = "RestOfUs.Web.UnitTests", "RestOfUs.Web.UnitTests\RestOfUs.Web.UnitTests.csproj", "{45DD01EE-C77A-4648-B2B9-022041B24973}"
EndProject
Project("{FAE04EC0-301F-11D3-BF4B-00C04F79EFBC}") = "RestOfUs.Services", "RestOfUs.Services\RestOfUs.Services.csproj", "{3F6F4D54-1296-45A5-8459-8DF01C4AF78F}"
EndProject
Project("{FAE04EC0-301F-11D3-BF4B-00C04F79EFBC}") = "RestOfUs.Common", "RestOfUs.Common\RestOfUs.Common.csproj", "{2D311724-8704-4299-AA38-FECA79ECEA32}"
EndProject
Global
	GlobalSection(SolutionConfigurationPlatforms) = preSolution
		Debug|Any CPU = Debug|Any CPU
		Release|Any CPU = Release|Any CPU
	EndGlobalSection
	GlobalSection(ProjectConfigurationPlatforms) = postSolution
		{A253BFB1-6CC3-4141-8602-3EAC1A2E631D}.Debug|Any CPU.ActiveCfg = Debug|Any CPU
		{A253BFB1-6CC3-4141-8602-3EAC1A2E631D}.Debug|Any CPU.Build.0 = Debug|Any CPU
		{A253BFB1-6CC3-4141-8602-3EAC1A2E631D}.Release|Any CPU.ActiveCfg = Release|Any CPU
		{A253BFB1-6CC3-4141-8602-3EAC1A2E631D}.Release|Any CPU.Build.0 = Release|Any CPU
		{45DD01EE-C77A-4648-B2B9-022041B24973}.Debug|Any CPU.ActiveCfg = Debug|Any CPU
		{45DD01EE-C77A-4648-B2B9-022041B24973}.Debug|Any CPU.Build.0 = Debug|Any CPU
		{45DD01EE-C77A-4648-B2B9-022041B24973}.Release|Any CPU.ActiveCfg = Release|Any CPU
		{45DD01EE-C77A-4648-B2B9-022041B24973}.Release|Any CPU.Build.0 = Release|Any CPU
		{3F6F4D54-1296-45A5-8459-8DF01C4AF78F}.Debug|Any CPU.ActiveCfg = Debug|Any CPU
		{3F6F4D54-1296-45A5-8459-8DF01C4AF78F}.Debug|Any CPU.Build.0 = Debug|Any CPU
		{3F6F4D54-1296-45A5-8459-8DF01C4AF78F}.Release|Any CPU.ActiveCfg = Release|Any CPU
		{3F6F4D54-1296-45A5-8459-8DF01C4AF78F}.Release|Any CPU.Build.0 = Release|Any CPU
		{2D311724-8704-4299-AA38-FECA79ECEA32}.Debug|Any CPU.ActiveCfg = Debug|Any CPU
		{2D311724-8704-4299-AA38-FECA79ECEA32}.Debug|Any CPU.Build.0 = Debug|Any CPU
		{2D311724-8704-4299-AA38-FECA79ECEA32}.Release|Any CPU.ActiveCfg = Release|Any CPU
		{2D311724-8704-4299-AA38-FECA79ECEA32}.Release|Any CPU.Build.0 = Release|Any CPU
	EndGlobalSection
	GlobalSection(SolutionProperties) = preSolution
		HideSolutionNode = FALSE
	EndGlobalSection
EndGlobal
